
Microsoft Visual Studio Solution File, Format Version 12.00
# Visual Studio Version 17
VisualStudioVersion = 17.3.32929.385
MinimumVisualStudioVersion = 10.0.40219.1
Project("{FAE04EC0-301F-11D3-BF4B-00C04F79EFBC}") = "Week8EpicGame", "Week8EpicGame\Week8EpicGame.csproj", "{46EC0E58-9088-4A92-A641-25958CCEFB53}"
EndProject
Global
	GlobalSection(SolutionConfigurationPlatforms) = preSolution
		Debug|Any CPU = Debug|Any CPU
		Release|Any CPU = Release|Any CPU
	EndGlobalSection
	GlobalSection(ProjectConfigurationPlatforms) = postSolution
		{46EC0E58-9088-4A92-A641-25958CCEFB53}.Debug|Any CPU.ActiveCfg = Debug|Any CPU
		{46EC0E58-9088-4A92-A641-25958CCEFB53}.Debug|Any CPU.Build.0 = Debug|Any CPU
		{46EC0E58-9088-4A92-A641-25958CCEFB53}.Release|Any CPU.ActiveCfg = Release|Any CPU
		{46EC0E58-9088-4A92-A641-25958CCEFB53}.Release|Any CPU.Build.0 = Release|Any CPU
	EndGlobalSection
	GlobalSection(SolutionProperties) = preSolution
		HideSolutionNode = FALSE
	EndGlobalSection
	GlobalSection(ExtensibilityGlobals) = postSolution
		SolutionGuid = {B7758DD0-5FE5-4AF6-BAD1-383B33E07CF6}
	EndGlobalSection
EndGlobal
